
Microsoft Visual Studio Solution File, Format Version 12.00
# Visual Studio Version 17
VisualStudioVersion = 17.1.32319.34
MinimumVisualStudioVersion = 10.0.40219.1
Project("{9A19103F-16F7-4668-BE54-9A1E7A4F7556}") = "Verhuizen", "Verhuizen\Verhuizen.csproj", "{0C337671-01E8-40B4-A0B0-096086F6B918}"
EndProject
Global
	GlobalSection(SolutionConfigurationPlatforms) = preSolution
		Debug|Any CPU = Debug|Any CPU
		Release|Any CPU = Release|Any CPU
	EndGlobalSection
	GlobalSection(ProjectConfigurationPlatforms) = postSolution
		{0C337671-01E8-40B4-A0B0-096086F6B918}.Debug|Any CPU.ActiveCfg = Debug|Any CPU
		{0C337671-01E8-40B4-A0B0-096086F6B918}.Debug|Any CPU.Build.0 = Debug|Any CPU
		{0C337671-01E8-40B4-A0B0-096086F6B918}.Release|Any CPU.ActiveCfg = Release|Any CPU
		{0C337671-01E8-40B4-A0B0-096086F6B918}.Release|Any CPU.Build.0 = Release|Any CPU
	EndGlobalSection
	GlobalSection(SolutionProperties) = preSolution
		HideSolutionNode = FALSE
	EndGlobalSection
	GlobalSection(ExtensibilityGlobals) = postSolution
		SolutionGuid = {C9063A63-A522-4F61-BAB7-B56AC4A6AA80}
	EndGlobalSection
EndGlobal
